// !$*UTF8*$!
{
	archiveVersion = 1;
	classes = {
	};
	objectVersion = 46;
	objects = {

/* Begin PBXBuildFile section */
		02FA32041693BEB600B9A62D /* UIKit.framework in Frameworks */ = {isa = PBXBuildFile; fileRef = 02FA32031693BEB600B9A62D /* UIKit.framework */; };
		02FA32061693BEB600B9A62D /* Foundation.framework in Frameworks */ = {isa = PBXBuildFile; fileRef = 02FA32051693BEB600B9A62D /* Foundation.framework */; };
		02FA32081693BEB600B9A62D /* CoreGraphics.framework in Frameworks */ = {isa = PBXBuildFile; fileRef = 02FA32071693BEB600B9A62D /* CoreGraphics.framework */; };
		02FA320E1693BEB600B9A62D /* InfoPlist.strings in Resources */ = {isa = PBXBuildFile; fileRef = 02FA320C1693BEB600B9A62D /* InfoPlist.strings */; };
		02FA32101693BEB600B9A62D /* main.m in Sources */ = {isa = PBXBuildFile; fileRef = 02FA320F1693BEB600B9A62D /* main.m */; };
		02FA32141693BEB600B9A62D /* HypnosisterAppDelegate.m in Sources */ = {isa = PBXBuildFile; fileRef = 02FA32131693BEB600B9A62D /* HypnosisterAppDelegate.m */; };
		02FA32161693BEB600B9A62D /* Default.png in Resources */ = {isa = PBXBuildFile; fileRef = 02FA32151693BEB600B9A62D /* Default.png */; };
		02FA32181693BEB600B9A62D /* Default@2x.png in Resources */ = {isa = PBXBuildFile; fileRef = 02FA32171693BEB600B9A62D /* Default@2x.png */; };
		02FA321A1693BEB600B9A62D /* Default-568h@2x.png in Resources */ = {isa = PBXBuildFile; fileRef = 02FA32191693BEB600B9A62D /* Default-568h@2x.png */; };
		02FA32221693C3B900B9A62D /* HypnosisView.m in Sources */ = {isa = PBXBuildFile; fileRef = 02FA32211693C3B900B9A62D /* HypnosisView.m */; };
/* End PBXBuildFile section */

/* Begin PBXFileReference section */
		02FA31FF1693BEB600B9A62D /* Hypnosister.app */ = {isa = PBXFileReference; explicitFileType = wrapper.application; includeInIndex = 0; path = Hypnosister.app; sourceTree = BUILT_PRODUCTS_DIR; };
		02FA32031693BEB600B9A62D /* UIKit.framework */ = {isa = PBXFileReference; lastKnownFileType = wrapper.framework; name = UIKit.framework; path = System/Library/Frameworks/UIKit.framework; sourceTree = SDKROOT; };
		02FA32051693BEB600B9A62D /* Foundation.framework */ = {isa = PBXFileReference; lastKnownFileType = wrapper.framework; name = Foundation.framework; path = System/Library/Frameworks/Foundation.framework; sourceTree = SDKROOT; };
		02FA32071693BEB600B9A62D /* CoreGraphics.framework */ = {isa = PBXFileReference; lastKnownFileType = wrapper.framework; name = CoreGraphics.framework; path = System/Library/Frameworks/CoreGraphics.framework; sourceTree = SDKROOT; };
		02FA320B1693BEB600B9A62D /* Hypnosister-Info.plist */ = {isa = PBXFileReference; lastKnownFileType = text.plist.xml; path = "Hypnosister-Info.plist"; sourceTree = "<group>"; };
		02FA320D1693BEB600B9A62D /* en */ = {isa = PBXFileReference; lastKnownFileType = text.plist.strings; name = en; path = en.lproj/InfoPlist.strings; sourceTree = "<group>"; };
		02FA320F1693BEB600B9A62D /* main.m */ = {isa = PBXFileReference; lastKnownFileType = sourcecode.c.objc; path = main.m; sourceTree = "<group>"; };
		02FA32111693BEB600B9A62D /* Hypnosister-Prefix.pch */ = {isa = PBXFileReference; lastKnownFileType = sourcecode.c.h; path = "Hypnosister-Prefix.pch"; sourceTree = "<group>"; };
		02FA32121693BEB600B9A62D /* HypnosisterAppDelegate.h */ = {isa = PBXFileReference; lastKnownFileType = sourcecode.c.h; path = HypnosisterAppDelegate.h; sourceTree = "<group>"; };
		02FA32131693BEB600B9A62D /* HypnosisterAppDelegate.m */ = {isa = PBXFileReference; lastKnownFileType = sourcecode.c.objc; path = HypnosisterAppDelegate.m; sourceTree = "<group>"; };
		02FA32151693BEB600B9A62D /* Default.png */ = {isa = PBXFileReference; lastKnownFileType = image.png; path = Default.png; sourceTree = "<group>"; };
		02FA32171693BEB600B9A62D /* Default@2x.png */ = {isa = PBXFileReference; lastKnownFileType = image.png; path = "Default@2x.png"; sourceTree = "<group>"; };
		02FA32191693BEB600B9A62D /* Default-568h@2x.png */ = {isa = PBXFileReference; lastKnownFileType = image.png; path = "Default-568h@2x.png"; sourceTree = "<group>"; };
		02FA32201693C3B900B9A62D /* HypnosisView.h */ = {isa = PBXFileReference; fileEncoding = 4; lastKnownFileType = sourcecode.c.h; path = HypnosisView.h; sourceTree = "<group>"; };
		02FA32211693C3B900B9A62D /* HypnosisView.m */ = {isa = PBXFileReference; fileEncoding = 4; lastKnownFileType = sourcecode.c.objc; path = HypnosisView.m; sourceTree = "<group>"; };
/* End PBXFileReference section */

/* Begin PBXFrameworksBuildPhase section */
		02FA31FC1693BEB600B9A62D /* Frameworks */ = {
			isa = PBXFrameworksBuildPhase;
			buildActionMask = 2147483647;
			files = (
				02FA32041693BEB600B9A62D /* UIKit.framework in Frameworks */,
				02FA32061693BEB600B9A62D /* Foundation.framework in Frameworks */,
				02FA32081693BEB600B9A62D /* CoreGraphics.framework in Frameworks */,
			);
			runOnlyForDeploymentPostprocessing = 0;
		};
/* End PBXFrameworksBuildPhase section */

/* Begin PBXGroup section */
		02FA31F41693BEB600B9A62D = {
			isa = PBXGroup;
			children = (
				02FA32091693BEB600B9A62D /* Hypnosister */,
				02FA32021693BEB600B9A62D /* Frameworks */,
				02FA32001693BEB600B9A62D /* Products */,
			);
			sourceTree = "<group>";
		};
		02FA32001693BEB600B9A62D /* Products */ = {
			isa = PBXGroup;
			children = (
				02FA31FF1693BEB600B9A62D /* Hypnosister.app */,
			);
			name = Products;
			sourceTree = "<group>";
		};
		02FA32021693BEB600B9A62D /* Frameworks */ = {
			isa = PBXGroup;
			children = (
				02FA32031693BEB600B9A62D /* UIKit.framework */,
				02FA32051693BEB600B9A62D /* Foundation.framework */,
				02FA32071693BEB600B9A62D /* CoreGraphics.framework */,
			);
			name = Frameworks;
			sourceTree = "<group>";
		};
		02FA32091693BEB600B9A62D /* Hypnosister */ = {
			isa = PBXGroup;
			children = (
				02FA32121693BEB600B9A62D /* HypnosisterAppDelegate.h */,
				02FA32131693BEB600B9A62D /* HypnosisterAppDelegate.m */,
				02FA32201693C3B900B9A62D /* HypnosisView.h */,
				02FA32211693C3B900B9A62D /* HypnosisView.m */,
				02FA320A1693BEB600B9A62D /* Supporting Files */,
			);
			path = Hypnosister;
			sourceTree = "<group>";
		};
		02FA320A1693BEB600B9A62D /* Supporting Files */ = {
			isa = PBXGroup;
			children = (
				02FA320B1693BEB600B9A62D /* Hypnosister-Info.plist */,
				02FA320C1693BEB600B9A62D /* InfoPlist.strings */,
				02FA320F1693BEB600B9A62D /* main.m */,
				02FA32111693BEB600B9A62D /* Hypnosister-Prefix.pch */,
				02FA32151693BEB600B9A62D /* Default.png */,
				02FA32171693BEB600B9A62D /* Default@2x.png */,
				02FA32191693BEB600B9A62D /* Default-568h@2x.png */,
			);
			name = "Supporting Files";
			sourceTree = "<group>";
		};
/* End PBXGroup section */

/* Begin PBXNativeTarget section */
		02FA31FE1693BEB600B9A62D /* Hypnosister */ = {
			isa = PBXNativeTarget;
			buildConfigurationList = 02FA321D1693BEB600B9A62D /* Build configuration list for PBXNativeTarget "Hypnosister" */;
			buildPhases = (
				02FA31FB1693BEB600B9A62D /* Sources */,
				02FA31FC1693BEB600B9A62D /* Frameworks */,
				02FA31FD1693BEB600B9A62D /* Resources */,
			);
			buildRules = (
			);
			dependencies = (
			);
			name = Hypnosister;
			productName = Hypnosister;
			productReference = 02FA31FF1693BEB600B9A62D /* Hypnosister.app */;
			productType = "com.apple.product-type.application";
		};
/* End PBXNativeTarget section */

/* Begin PBXProject section */
		02FA31F61693BEB600B9A62D /* Project object */ = {
			isa = PBXProject;
			attributes = {
				CLASSPREFIX = Hypnosister;
				LastUpgradeCheck = 0450;
				ORGANIZATIONNAME = "Michael Nwani";
			};
			buildConfigurationList = 02FA31F91693BEB600B9A62D /* Build configuration list for PBXProject "Hypnosister" */;
			compatibilityVersion = "Xcode 3.2";
			developmentRegion = English;
			hasScannedForEncodings = 0;
			knownRegions = (
				en,
			);
			mainGroup = 02FA31F41693BEB600B9A62D;
			productRefGroup = 02FA32001693BEB600B9A62D /* Products */;
			projectDirPath = "";
			projectRoot = "";
			targets = (
				02FA31FE1693BEB600B9A62D /* Hypnosister */,
			);
		};
/* End PBXProject section */

/* Begin PBXResourcesBuildPhase section */
		02FA31FD1693BEB600B9A62D /* Resources */ = {
			isa = PBXResourcesBuildPhase;
			buildActionMask = 2147483647;
			files = (
				02FA320E1693BEB600B9A62D /* InfoPlist.strings in Resources */,
				02FA32161693BEB600B9A62D /* Default.png in Resources */,
				02FA32181693BEB600B9A62D /* Default@2x.png in Resources */,
				02FA321A1693BEB600B9A62D /* Default-568h@2x.png in Resources */,
			);
			runOnlyForDeploymentPostprocessing = 0;
		};
/* End PBXResourcesBuildPhase section */

/* Begin PBXSourcesBuildPhase section */
		02FA31FB1693BEB600B9A62D /* Sources */ = {
			isa = PBXSourcesBuildPhase;
			buildActionMask = 2147483647;
			files = (
				02FA32101693BEB600B9A62D /* main.m in Sources */,
				02FA32141693BEB600B9A62D /* HypnosisterAppDelegate.m in Sources */,
				02FA32221693C3B900B9A62D /* HypnosisView.m in Sources */,
			);
			runOnlyForDeploymentPostprocessing = 0;
		};
/* End PBXSourcesBuildPhase section */

/* Begin PBXVariantGroup section */
		02FA320C1693BEB600B9A62D /* InfoPlist.strings */ = {
			isa = PBXVariantGroup;
			children = (
				02FA320D1693BEB600B9A62D /* en */,
			);
			name = InfoPlist.strings;
			sourceTree = "<group>";
		};
/* End PBXVariantGroup section */

/* Begin XCBuildConfiguration section */
		02FA321B1693BEB600B9A62D /* Debug */ = {
			isa = XCBuildConfiguration;
			buildSettings = {
				ALWAYS_SEARCH_USER_PATHS = NO;
				CLANG_CXX_LANGUAGE_STANDARD = "gnu++0x";
				CLANG_CXX_LIBRARY = "libc++";
				CLANG_ENABLE_OBJC_ARC = YES;
				CLANG_WARN_EMPTY_BODY = YES;
				CLANG_WARN__DUPLICATE_METHOD_MATCH = YES;
				"CODE_SIGN_IDENTITY[sdk=iphoneos*]" = "iPhone Developer";
				COPY_PHASE_STRIP = NO;
				GCC_C_LANGUAGE_STANDARD = gnu99;
				GCC_DYNAMIC_NO_PIC = NO;
				GCC_OPTIMIZATION_LEVEL = 0;
				GCC_PREPROCESSOR_DEFINITIONS = (
					"DEBUG=1",
					"$(inherited)",
				);
				GCC_SYMBOLS_PRIVATE_EXTERN = NO;
				GCC_WARN_ABOUT_RETURN_TYPE = YES;
				GCC_WARN_UNINITIALIZED_AUTOS = YES;
				GCC_WARN_UNUSED_VARIABLE = YES;
				IPHONEOS_DEPLOYMENT_TARGET = 6.0;
				ONLY_ACTIVE_ARCH = YES;
				SDKROOT = iphoneos;
			};
			name = Debug;
		};
		02FA321C1693BEB600B9A62D /* Release */ = {
			isa = XCBuildConfiguration;
			buildSettings = {
				ALWAYS_SEARCH_USER_PATHS = NO;
				CLANG_CXX_LANGUAGE_STANDARD = "gnu++0x";
				CLANG_CXX_LIBRARY = "libc++";
				CLANG_ENABLE_OBJC_ARC = YES;
				CLANG_WARN_EMPTY_BODY = YES;
				CLANG_WARN__DUPLICATE_METHOD_MATCH = YES;
				"CODE_SIGN_IDENTITY[sdk=iphoneos*]" = "iPhone Developer";
				COPY_PHASE_STRIP = YES;
				GCC_C_LANGUAGE_STANDARD = gnu99;
				GCC_WARN_ABOUT_RETURN_TYPE = YES;
				GCC_WARN_UNINITIALIZED_AUTOS = YES;
				GCC_WARN_UNUSED_VARIABLE = YES;
				IPHONEOS_DEPLOYMENT_TARGET = 6.0;
				OTHER_CFLAGS = "-DNS_BLOCK_ASSERTIONS=1";
				SDKROOT = iphoneos;
				VALIDATE_PRODUCT = YES;
			};
			name = Release;
		};
		02FA321E1693BEB600B9A62D /* Debug */ = {
			isa = XCBuildConfiguration;
			buildSettings = {
				GCC_PRECOMPILE_PREFIX_HEADER = YES;
				GCC_PREFIX_HEADER = "Hypnosister/Hypnosister-Prefix.pch";
				INFOPLIST_FILE = "Hypnosister/Hypnosister-Info.plist";
				PRODUCT_NAME = "$(TARGET_NAME)";
				WRAPPER_EXTENSION = app;
			};
			name = Debug;
		};
		02FA321F1693BEB600B9A62D /* Release */ = {
			isa = XCBuildConfiguration;
			buildSettings = {
				GCC_PRECOMPILE_PREFIX_HEADER = YES;
				GCC_PREFIX_HEADER = "Hypnosister/Hypnosister-Prefix.pch";
				INFOPLIST_FILE = "Hypnosister/Hypnosister-Info.plist";
				PRODUCT_NAME = "$(TARGET_NAME)";
				WRAPPER_EXTENSION = app;
			};
			name = Release;
		};
/* End XCBuildConfiguration section */

/* Begin XCConfigurationList section */
		02FA31F91693BEB600B9A62D /* Build configuration list for PBXProject "Hypnosister" */ = {
			isa = XCConfigurationList;
			buildConfigurations = (
				02FA321B1693BEB600B9A62D /* Debug */,
				02FA321C1693BEB600B9A62D /* Release */,
			);
			defaultConfigurationIsVisible = 0;
			defaultConfigurationName = Release;
		};
		02FA321D1693BEB600B9A62D /* Build configuration list for PBXNativeTarget "Hypnosister" */ = {
			isa = XCConfigurationList;
			buildConfigurations = (
				02FA321E1693BEB600B9A62D /* Debug */,
				02FA321F1693BEB600B9A62D /* Release */,
			);
			defaultConfigurationIsVisible = 0;
		};
/* End XCConfigurationList section */
	};
	rootObject = 02FA31F61693BEB600B9A62D /* Project object */;
}
